// !$*UTF8*$!
{
	archiveVersion = 1;
	classes = {
	};
	objectVersion = 46;
	objects = {

/* Begin PBXBuildFile section */
		A3F4ADF419E0A23000ED8E8D /* main.m in Sources */ = {isa = PBXBuildFile; fileRef = A3F4ADF319E0A23000ED8E8D /* main.m */; };
		A3F4ADF719E0A23000ED8E8D /* AppDelegate.m in Sources */ = {isa = PBXBuildFile; fileRef = A3F4ADF619E0A23000ED8E8D /* AppDelegate.m */; };
		A3F4ADFF19E0A23000ED8E8D /* Images.xcassets in Resources */ = {isa = PBXBuildFile; fileRef = A3F4ADFE19E0A23000ED8E8D /* Images.xcassets */; };
		A3F4AE0E19E0A23000ED8E8D /* PiqueTests.m in Sources */ = {isa = PBXBuildFile; fileRef = A3F4AE0D19E0A23000ED8E8D /* PiqueTests.m */; };
		A3F4AE2A19E0B24100ED8E8D /* QuartzCore.framework in Frameworks */ = {isa = PBXBuildFile; fileRef = A3F4AE2919E0B24100ED8E8D /* QuartzCore.framework */; };
		A3F4AE2C19E0B24600ED8E8D /* CoreLocation.framework in Frameworks */ = {isa = PBXBuildFile; fileRef = A3F4AE2B19E0B24600ED8E8D /* CoreLocation.framework */; };
		A3F4AE2E19E0B24B00ED8E8D /* CoreGraphics.framework in Frameworks */ = {isa = PBXBuildFile; fileRef = A3F4AE2D19E0B24B00ED8E8D /* CoreGraphics.framework */; };
		A3F4AE3719E0CBA600ED8E8D /* Foundation.framework in Frameworks */ = {isa = PBXBuildFile; fileRef = A3F4AE3619E0CBA600ED8E8D /* Foundation.framework */; };
		A3F4AE3919E0CBBF00ED8E8D /* UIKit.framework in Frameworks */ = {isa = PBXBuildFile; fileRef = A3F4AE3819E0CBBF00ED8E8D /* UIKit.framework */; };
		A3F4AE3B19E0CC2C00ED8E8D /* Main.storyboard in Resources */ = {isa = PBXBuildFile; fileRef = A3F4AE1919E0A4A000ED8E8D /* Main.storyboard */; };
		A3F4AE3C19E0CC3200ED8E8D /* LaunchScreen.xib in Resources */ = {isa = PBXBuildFile; fileRef = A3F4AE0019E0A23000ED8E8D /* LaunchScreen.xib */; };
		A3F4AE7D19E0D95200ED8E8D /* LocationViewController.m in Sources */ = {isa = PBXBuildFile; fileRef = A3F4AE7C19E0D95200ED8E8D /* LocationViewController.m */; };
		A3F4AE7F19E0DBD400ED8E8D /* LocationTableCell.xib in Resources */ = {isa = PBXBuildFile; fileRef = A3F4AE7E19E0DBD400ED8E8D /* LocationTableCell.xib */; };
		A3F4AE8519E0DCE000ED8E8D /* LocationTableCell.m in Sources */ = {isa = PBXBuildFile; fileRef = A3F4AE8419E0DCE000ED8E8D /* LocationTableCell.m */; };
/* End PBXBuildFile section */

/* Begin PBXContainerItemProxy section */
		A3F4AE0819E0A23000ED8E8D /* PBXContainerItemProxy */ = {
			isa = PBXContainerItemProxy;
			containerPortal = A3F4ADE619E0A23000ED8E8D /* Project object */;
			proxyType = 1;
			remoteGlobalIDString = A3F4ADED19E0A23000ED8E8D;
			remoteInfo = Pique;
		};
/* End PBXContainerItemProxy section */

/* Begin PBXFileReference section */
		A3F4ADEE19E0A23000ED8E8D /* Pique.app */ = {isa = PBXFileReference; explicitFileType = wrapper.application; includeInIndex = 0; path = Pique.app; sourceTree = BUILT_PRODUCTS_DIR; };
		A3F4ADF219E0A23000ED8E8D /* Info.plist */ = {isa = PBXFileReference; lastKnownFileType = text.plist.xml; path = Info.plist; sourceTree = "<group>"; };
		A3F4ADF319E0A23000ED8E8D /* main.m */ = {isa = PBXFileReference; lastKnownFileType = sourcecode.c.objc; path = main.m; sourceTree = "<group>"; };
		A3F4ADF519E0A23000ED8E8D /* AppDelegate.h */ = {isa = PBXFileReference; lastKnownFileType = sourcecode.c.h; path = AppDelegate.h; sourceTree = "<group>"; };
		A3F4ADF619E0A23000ED8E8D /* AppDelegate.m */ = {isa = PBXFileReference; lastKnownFileType = sourcecode.c.objc; path = AppDelegate.m; sourceTree = "<group>"; };
		A3F4ADFE19E0A23000ED8E8D /* Images.xcassets */ = {isa = PBXFileReference; lastKnownFileType = folder.assetcatalog; path = Images.xcassets; sourceTree = "<group>"; };
		A3F4AE0119E0A23000ED8E8D /* Base */ = {isa = PBXFileReference; lastKnownFileType = file.xib; name = Base; path = Base.lproj/LaunchScreen.xib; sourceTree = "<group>"; };
		A3F4AE0719E0A23000ED8E8D /* PiqueTests.xctest */ = {isa = PBXFileReference; explicitFileType = wrapper.cfbundle; includeInIndex = 0; path = PiqueTests.xctest; sourceTree = BUILT_PRODUCTS_DIR; };
		A3F4AE0C19E0A23000ED8E8D /* Info.plist */ = {isa = PBXFileReference; lastKnownFileType = text.plist.xml; path = Info.plist; sourceTree = "<group>"; };
		A3F4AE0D19E0A23000ED8E8D /* PiqueTests.m */ = {isa = PBXFileReference; lastKnownFileType = sourcecode.c.objc; path = PiqueTests.m; sourceTree = "<group>"; };
		A3F4AE1A19E0A4A000ED8E8D /* Base */ = {isa = PBXFileReference; lastKnownFileType = file.storyboard; name = Base; path = Pique/Base.lproj/Main.storyboard; sourceTree = "<group>"; };
		A3F4AE2919E0B24100ED8E8D /* QuartzCore.framework */ = {isa = PBXFileReference; lastKnownFileType = wrapper.framework; name = QuartzCore.framework; path = System/Library/Frameworks/QuartzCore.framework; sourceTree = SDKROOT; };
		A3F4AE2B19E0B24600ED8E8D /* CoreLocation.framework */ = {isa = PBXFileReference; lastKnownFileType = wrapper.framework; name = CoreLocation.framework; path = System/Library/Frameworks/CoreLocation.framework; sourceTree = SDKROOT; };
		A3F4AE2D19E0B24B00ED8E8D /* CoreGraphics.framework */ = {isa = PBXFileReference; lastKnownFileType = wrapper.framework; name = CoreGraphics.framework; path = System/Library/Frameworks/CoreGraphics.framework; sourceTree = SDKROOT; };
		A3F4AE3619E0CBA600ED8E8D /* Foundation.framework */ = {isa = PBXFileReference; lastKnownFileType = wrapper.framework; name = Foundation.framework; path = System/Library/Frameworks/Foundation.framework; sourceTree = SDKROOT; };
		A3F4AE3819E0CBBF00ED8E8D /* UIKit.framework */ = {isa = PBXFileReference; lastKnownFileType = wrapper.framework; name = UIKit.framework; path = System/Library/Frameworks/UIKit.framework; sourceTree = SDKROOT; };
		A3F4AE7B19E0D95200ED8E8D /* LocationViewController.h */ = {isa = PBXFileReference; fileEncoding = 4; lastKnownFileType = sourcecode.c.h; path = LocationViewController.h; sourceTree = "<group>"; };
		A3F4AE7C19E0D95200ED8E8D /* LocationViewController.m */ = {isa = PBXFileReference; fileEncoding = 4; lastKnownFileType = sourcecode.c.objc; path = LocationViewController.m; sourceTree = "<group>"; };
		A3F4AE7E19E0DBD400ED8E8D /* LocationTableCell.xib */ = {isa = PBXFileReference; fileEncoding = 4; lastKnownFileType = file.xib; path = LocationTableCell.xib; sourceTree = "<group>"; };
		A3F4AE8319E0DCE000ED8E8D /* LocationTableCell.h */ = {isa = PBXFileReference; fileEncoding = 4; lastKnownFileType = sourcecode.c.h; path = LocationTableCell.h; sourceTree = "<group>"; };
		A3F4AE8419E0DCE000ED8E8D /* LocationTableCell.m */ = {isa = PBXFileReference; fileEncoding = 4; lastKnownFileType = sourcecode.c.objc; path = LocationTableCell.m; sourceTree = "<group>"; };
/* End PBXFileReference section */

/* Begin PBXFrameworksBuildPhase section */
		A3F4ADEB19E0A23000ED8E8D /* Frameworks */ = {
			isa = PBXFrameworksBuildPhase;
			buildActionMask = 2147483647;
			files = (
				A3F4AE3919E0CBBF00ED8E8D /* UIKit.framework in Frameworks */,
				A3F4AE3719E0CBA600ED8E8D /* Foundation.framework in Frameworks */,
				A3F4AE2E19E0B24B00ED8E8D /* CoreGraphics.framework in Frameworks */,
				A3F4AE2C19E0B24600ED8E8D /* CoreLocation.framework in Frameworks */,
				A3F4AE2A19E0B24100ED8E8D /* QuartzCore.framework in Frameworks */,
			);
			runOnlyForDeploymentPostprocessing = 0;
		};
		A3F4AE0419E0A23000ED8E8D /* Frameworks */ = {
			isa = PBXFrameworksBuildPhase;
			buildActionMask = 2147483647;
			files = (
			);
			runOnlyForDeploymentPostprocessing = 0;
		};
/* End PBXFrameworksBuildPhase section */

/* Begin PBXGroup section */
		A3F4ADE519E0A23000ED8E8D = {
			isa = PBXGroup;
			children = (
				A3F4ADF019E0A23000ED8E8D /* Pique */,
				A3F4AE0A19E0A23000ED8E8D /* PiqueTests */,
				A3F4ADEF19E0A23000ED8E8D /* Products */,
				A3F4AE2819E0B23300ED8E8D /* Frameworks */,
			);
			sourceTree = "<group>";
		};
		A3F4ADEF19E0A23000ED8E8D /* Products */ = {
			isa = PBXGroup;
			children = (
				A3F4ADEE19E0A23000ED8E8D /* Pique.app */,
				A3F4AE0719E0A23000ED8E8D /* PiqueTests.xctest */,
			);
			name = Products;
			sourceTree = "<group>";
		};
		A3F4ADF019E0A23000ED8E8D /* Pique */ = {
			isa = PBXGroup;
			children = (
				A3F4ADF519E0A23000ED8E8D /* AppDelegate.h */,
				A3F4ADF619E0A23000ED8E8D /* AppDelegate.m */,
				A3F4AE1919E0A4A000ED8E8D /* Main.storyboard */,
				A3F4AE7A19E0D71900ED8E8D /* View Controllers */,
				A3F4ADFE19E0A23000ED8E8D /* Images.xcassets */,
				A3F4AE0019E0A23000ED8E8D /* LaunchScreen.xib */,
				A3F4ADF119E0A23000ED8E8D /* Supporting Files */,
				A3F4AE7E19E0DBD400ED8E8D /* LocationTableCell.xib */,
			);
			path = Pique;
			sourceTree = "<group>";
		};
		A3F4ADF119E0A23000ED8E8D /* Supporting Files */ = {
			isa = PBXGroup;
			children = (
				A3F4ADF219E0A23000ED8E8D /* Info.plist */,
				A3F4ADF319E0A23000ED8E8D /* main.m */,
			);
			name = "Supporting Files";
			sourceTree = "<group>";
		};
		A3F4AE0A19E0A23000ED8E8D /* PiqueTests */ = {
			isa = PBXGroup;
			children = (
				A3F4AE0D19E0A23000ED8E8D /* PiqueTests.m */,
				A3F4AE0B19E0A23000ED8E8D /* Supporting Files */,
			);
			path = PiqueTests;
			sourceTree = "<group>";
		};
		A3F4AE0B19E0A23000ED8E8D /* Supporting Files */ = {
			isa = PBXGroup;
			children = (
				A3F4AE0C19E0A23000ED8E8D /* Info.plist */,
			);
			name = "Supporting Files";
			sourceTree = "<group>";
		};
		A3F4AE2819E0B23300ED8E8D /* Frameworks */ = {
			isa = PBXGroup;
			children = (
				A3F4AE3819E0CBBF00ED8E8D /* UIKit.framework */,
				A3F4AE3619E0CBA600ED8E8D /* Foundation.framework */,
				A3F4AE2D19E0B24B00ED8E8D /* CoreGraphics.framework */,
				A3F4AE2B19E0B24600ED8E8D /* CoreLocation.framework */,
				A3F4AE2919E0B24100ED8E8D /* QuartzCore.framework */,
			);
			name = Frameworks;
			sourceTree = "<group>";
		};
		A3F4AE7A19E0D71900ED8E8D /* View Controllers */ = {
			isa = PBXGroup;
			children = (
				A3F4AE7B19E0D95200ED8E8D /* LocationViewController.h */,
				A3F4AE7C19E0D95200ED8E8D /* LocationViewController.m */,
				A3F4AE8319E0DCE000ED8E8D /* LocationTableCell.h */,
				A3F4AE8419E0DCE000ED8E8D /* LocationTableCell.m */,
			);
			name = "View Controllers";
			sourceTree = "<group>";
		};
/* End PBXGroup section */

/* Begin PBXNativeTarget section */
		A3F4ADED19E0A23000ED8E8D /* Pique */ = {
			isa = PBXNativeTarget;
			buildConfigurationList = A3F4AE1119E0A23000ED8E8D /* Build configuration list for PBXNativeTarget "Pique" */;
			buildPhases = (
				A3F4ADEA19E0A23000ED8E8D /* Sources */,
				A3F4ADEB19E0A23000ED8E8D /* Frameworks */,
				A3F4ADEC19E0A23000ED8E8D /* Resources */,
			);
			buildRules = (
			);
			dependencies = (
			);
			name = Pique;
			productName = Pique;
			productReference = A3F4ADEE19E0A23000ED8E8D /* Pique.app */;
			productType = "com.apple.product-type.application";
		};
		A3F4AE0619E0A23000ED8E8D /* PiqueTests */ = {
			isa = PBXNativeTarget;
			buildConfigurationList = A3F4AE1419E0A23000ED8E8D /* Build configuration list for PBXNativeTarget "PiqueTests" */;
			buildPhases = (
				A3F4AE0319E0A23000ED8E8D /* Sources */,
				A3F4AE0419E0A23000ED8E8D /* Frameworks */,
				A3F4AE0519E0A23000ED8E8D /* Resources */,
			);
			buildRules = (
			);
			dependencies = (
				A3F4AE0919E0A23000ED8E8D /* PBXTargetDependency */,
			);
			name = PiqueTests;
			productName = PiqueTests;
			productReference = A3F4AE0719E0A23000ED8E8D /* PiqueTests.xctest */;
			productType = "com.apple.product-type.bundle.unit-test";
		};
/* End PBXNativeTarget section */

/* Begin PBXProject section */
		A3F4ADE619E0A23000ED8E8D /* Project object */ = {
			isa = PBXProject;
			attributes = {
				LastUpgradeCheck = 0600;
				ORGANIZATIONNAME = "Hriday Kemburu";
				TargetAttributes = {
					A3F4ADED19E0A23000ED8E8D = {
						CreatedOnToolsVersion = 6.0.1;
					};
					A3F4AE0619E0A23000ED8E8D = {
						CreatedOnToolsVersion = 6.0.1;
						TestTargetID = A3F4ADED19E0A23000ED8E8D;
					};
				};
			};
			buildConfigurationList = A3F4ADE919E0A23000ED8E8D /* Build configuration list for PBXProject "Pique" */;
			compatibilityVersion = "Xcode 3.2";
			developmentRegion = English;
			hasScannedForEncodings = 0;
			knownRegions = (
				en,
				Base,
			);
			mainGroup = A3F4ADE519E0A23000ED8E8D;
			productRefGroup = A3F4ADEF19E0A23000ED8E8D /* Products */;
			projectDirPath = "";
			projectRoot = "";
			targets = (
				A3F4ADED19E0A23000ED8E8D /* Pique */,
				A3F4AE0619E0A23000ED8E8D /* PiqueTests */,
			);
		};
/* End PBXProject section */

/* Begin PBXResourcesBuildPhase section */
		A3F4ADEC19E0A23000ED8E8D /* Resources */ = {
			isa = PBXResourcesBuildPhase;
			buildActionMask = 2147483647;
			files = (
				A3F4AE3C19E0CC3200ED8E8D /* LaunchScreen.xib in Resources */,
				A3F4AE3B19E0CC2C00ED8E8D /* Main.storyboard in Resources */,
				A3F4ADFF19E0A23000ED8E8D /* Images.xcassets in Resources */,
				A3F4AE7F19E0DBD400ED8E8D /* LocationTableCell.xib in Resources */,
			);
			runOnlyForDeploymentPostprocessing = 0;
		};
		A3F4AE0519E0A23000ED8E8D /* Resources */ = {
			isa = PBXResourcesBuildPhase;
			buildActionMask = 2147483647;
			files = (
			);
			runOnlyForDeploymentPostprocessing = 0;
		};
/* End PBXResourcesBuildPhase section */

/* Begin PBXSourcesBuildPhase section */
		A3F4ADEA19E0A23000ED8E8D /* Sources */ = {
			isa = PBXSourcesBuildPhase;
			buildActionMask = 2147483647;
			files = (
				A3F4ADF719E0A23000ED8E8D /* AppDelegate.m in Sources */,
				A3F4AE7D19E0D95200ED8E8D /* LocationViewController.m in Sources */,
				A3F4ADF419E0A23000ED8E8D /* main.m in Sources */,
				A3F4AE8519E0DCE000ED8E8D /* LocationTableCell.m in Sources */,
			);
			runOnlyForDeploymentPostprocessing = 0;
		};
		A3F4AE0319E0A23000ED8E8D /* Sources */ = {
			isa = PBXSourcesBuildPhase;
			buildActionMask = 2147483647;
			files = (
				A3F4AE0E19E0A23000ED8E8D /* PiqueTests.m in Sources */,
			);
			runOnlyForDeploymentPostprocessing = 0;
		};
/* End PBXSourcesBuildPhase section */

/* Begin PBXTargetDependency section */
		A3F4AE0919E0A23000ED8E8D /* PBXTargetDependency */ = {
			isa = PBXTargetDependency;
			target = A3F4ADED19E0A23000ED8E8D /* Pique */;
			targetProxy = A3F4AE0819E0A23000ED8E8D /* PBXContainerItemProxy */;
		};
/* End PBXTargetDependency section */

/* Begin PBXVariantGroup section */
		A3F4AE0019E0A23000ED8E8D /* LaunchScreen.xib */ = {
			isa = PBXVariantGroup;
			children = (
				A3F4AE0119E0A23000ED8E8D /* Base */,
			);
			name = LaunchScreen.xib;
			sourceTree = "<group>";
		};
		A3F4AE1919E0A4A000ED8E8D /* Main.storyboard */ = {
			isa = PBXVariantGroup;
			children = (
				A3F4AE1A19E0A4A000ED8E8D /* Base */,
			);
			name = Main.storyboard;
			path = ..;
			sourceTree = "<group>";
		};
/* End PBXVariantGroup section */

/* Begin XCBuildConfiguration section */
		A3F4AE0F19E0A23000ED8E8D /* Debug */ = {
			isa = XCBuildConfiguration;
			buildSettings = {
				ALWAYS_SEARCH_USER_PATHS = NO;
				CLANG_CXX_LANGUAGE_STANDARD = "gnu++0x";
				CLANG_CXX_LIBRARY = "libc++";
				CLANG_ENABLE_MODULES = YES;
				CLANG_ENABLE_OBJC_ARC = YES;
				CLANG_WARN_BOOL_CONVERSION = YES;
				CLANG_WARN_CONSTANT_CONVERSION = YES;
				CLANG_WARN_DIRECT_OBJC_ISA_USAGE = YES_ERROR;
				CLANG_WARN_EMPTY_BODY = YES;
				CLANG_WARN_ENUM_CONVERSION = YES;
				CLANG_WARN_INT_CONVERSION = YES;
				CLANG_WARN_OBJC_ROOT_CLASS = YES_ERROR;
				CLANG_WARN_UNREACHABLE_CODE = YES;
				CLANG_WARN__DUPLICATE_METHOD_MATCH = YES;
				"CODE_SIGN_IDENTITY[sdk=iphoneos*]" = "iPhone Developer";
				COPY_PHASE_STRIP = NO;
				ENABLE_STRICT_OBJC_MSGSEND = YES;
				GCC_C_LANGUAGE_STANDARD = gnu99;
				GCC_DYNAMIC_NO_PIC = NO;
				GCC_OPTIMIZATION_LEVEL = 0;
				GCC_PREPROCESSOR_DEFINITIONS = (
					"DEBUG=1",
					"$(inherited)",
				);
				GCC_SYMBOLS_PRIVATE_EXTERN = NO;
				GCC_WARN_64_TO_32_BIT_CONVERSION = YES;
				GCC_WARN_ABOUT_RETURN_TYPE = YES_ERROR;
				GCC_WARN_UNDECLARED_SELECTOR = YES;
				GCC_WARN_UNINITIALIZED_AUTOS = YES_AGGRESSIVE;
				GCC_WARN_UNUSED_FUNCTION = YES;
				GCC_WARN_UNUSED_VARIABLE = YES;
				IPHONEOS_DEPLOYMENT_TARGET = 8.0;
				MTL_ENABLE_DEBUG_INFO = YES;
				ONLY_ACTIVE_ARCH = YES;
				SDKROOT = iphoneos;
			};
			name = Debug;
		};
		A3F4AE1019E0A23000ED8E8D /* Release */ = {
			isa = XCBuildConfiguration;
			buildSettings = {
				ALWAYS_SEARCH_USER_PATHS = NO;
				CLANG_CXX_LANGUAGE_STANDARD = "gnu++0x";
				CLANG_CXX_LIBRARY = "libc++";
				CLANG_ENABLE_MODULES = YES;
				CLANG_ENABLE_OBJC_ARC = YES;
				CLANG_WARN_BOOL_CONVERSION = YES;
				CLANG_WARN_CONSTANT_CONVERSION = YES;
				CLANG_WARN_DIRECT_OBJC_ISA_USAGE = YES_ERROR;
				CLANG_WARN_EMPTY_BODY = YES;
				CLANG_WARN_ENUM_CONVERSION = YES;
				CLANG_WARN_INT_CONVERSION = YES;
				CLANG_WARN_OBJC_ROOT_CLASS = YES_ERROR;
				CLANG_WARN_UNREACHABLE_CODE = YES;
				CLANG_WARN__DUPLICATE_METHOD_MATCH = YES;
				"CODE_SIGN_IDENTITY[sdk=iphoneos*]" = "iPhone Developer";
				COPY_PHASE_STRIP = YES;
				ENABLE_NS_ASSERTIONS = NO;
				ENABLE_STRICT_OBJC_MSGSEND = YES;
				GCC_C_LANGUAGE_STANDARD = gnu99;
				GCC_WARN_64_TO_32_BIT_CONVERSION = YES;
				GCC_WARN_ABOUT_RETURN_TYPE = YES_ERROR;
				GCC_WARN_UNDECLARED_SELECTOR = YES;
				GCC_WARN_UNINITIALIZED_AUTOS = YES_AGGRESSIVE;
				GCC_WARN_UNUSED_FUNCTION = YES;
				GCC_WARN_UNUSED_VARIABLE = YES;
				IPHONEOS_DEPLOYMENT_TARGET = 8.0;
				MTL_ENABLE_DEBUG_INFO = NO;
				SDKROOT = iphoneos;
				VALIDATE_PRODUCT = YES;
			};
			name = Release;
		};
		A3F4AE1219E0A23000ED8E8D /* Debug */ = {
			isa = XCBuildConfiguration;
			buildSettings = {
				ASSETCATALOG_COMPILER_APPICON_NAME = AppIcon;
				INFOPLIST_FILE = Pique/Info.plist;
				LD_RUNPATH_SEARCH_PATHS = "$(inherited) @executable_path/Frameworks";
				PRODUCT_NAME = "$(TARGET_NAME)";
			};
			name = Debug;
		};
		A3F4AE1319E0A23000ED8E8D /* Release */ = {
			isa = XCBuildConfiguration;
			buildSettings = {
				ASSETCATALOG_COMPILER_APPICON_NAME = AppIcon;
				INFOPLIST_FILE = Pique/Info.plist;
				LD_RUNPATH_SEARCH_PATHS = "$(inherited) @executable_path/Frameworks";
				PRODUCT_NAME = "$(TARGET_NAME)";
			};
			name = Release;
		};
		A3F4AE1519E0A23000ED8E8D /* Debug */ = {
			isa = XCBuildConfiguration;
			buildSettings = {
				BUNDLE_LOADER = "$(TEST_HOST)";
				FRAMEWORK_SEARCH_PATHS = (
					"$(SDKROOT)/Developer/Library/Frameworks",
					"$(inherited)",
				);
				GCC_PREPROCESSOR_DEFINITIONS = (
					"DEBUG=1",
					"$(inherited)",
				);
				INFOPLIST_FILE = PiqueTests/Info.plist;
				LD_RUNPATH_SEARCH_PATHS = "$(inherited) @executable_path/Frameworks @loader_path/Frameworks";
				PRODUCT_NAME = "$(TARGET_NAME)";
				TEST_HOST = "$(BUILT_PRODUCTS_DIR)/Pique.app/Pique";
			};
			name = Debug;
		};
		A3F4AE1619E0A23000ED8E8D /* Release */ = {
			isa = XCBuildConfiguration;
			buildSettings = {
				BUNDLE_LOADER = "$(TEST_HOST)";
				FRAMEWORK_SEARCH_PATHS = (
					"$(SDKROOT)/Developer/Library/Frameworks",
					"$(inherited)",
				);
				INFOPLIST_FILE = PiqueTests/Info.plist;
				LD_RUNPATH_SEARCH_PATHS = "$(inherited) @executable_path/Frameworks @loader_path/Frameworks";
				PRODUCT_NAME = "$(TARGET_NAME)";
				TEST_HOST = "$(BUILT_PRODUCTS_DIR)/Pique.app/Pique";
			};
			name = Release;
		};
/* End XCBuildConfiguration section */

/* Begin XCConfigurationList section */
		A3F4ADE919E0A23000ED8E8D /* Build configuration list for PBXProject "Pique" */ = {
			isa = XCConfigurationList;
			buildConfigurations = (
				A3F4AE0F19E0A23000ED8E8D /* Debug */,
				A3F4AE1019E0A23000ED8E8D /* Release */,
			);
			defaultConfigurationIsVisible = 0;
			defaultConfigurationName = Release;
		};
		A3F4AE1119E0A23000ED8E8D /* Build configuration list for PBXNativeTarget "Pique" */ = {
			isa = XCConfigurationList;
			buildConfigurations = (
				A3F4AE1219E0A23000ED8E8D /* Debug */,
				A3F4AE1319E0A23000ED8E8D /* Release */,
			);
			defaultConfigurationIsVisible = 0;
			defaultConfigurationName = Release;
		};
		A3F4AE1419E0A23000ED8E8D /* Build configuration list for PBXNativeTarget "PiqueTests" */ = {
			isa = XCConfigurationList;
			buildConfigurations = (
				A3F4AE1519E0A23000ED8E8D /* Debug */,
				A3F4AE1619E0A23000ED8E8D /* Release */,
			);
			defaultConfigurationIsVisible = 0;
			defaultConfigurationName = Release;
		};
/* End XCConfigurationList section */
	};
	rootObject = A3F4ADE619E0A23000ED8E8D /* Project object */;
}
